
Microsoft Visual Studio Solution File, Format Version 12.00
# Visual Studio Version 16
VisualStudioVersion = 16.0.31112.23
MinimumVisualStudioVersion = 10.0.40219.1
Project("{9A19103F-16F7-4668-BE54-9A1E7A4F7556}") = "Audio.Conversion", "Audio.Conversion\Audio.Conversion.csproj", "{A2C3BF8A-F6C0-4AE5-B2A1-8F64181E1D0A}"
EndProject
Project("{9A19103F-16F7-4668-BE54-9A1E7A4F7556}") = "FFmpeg.NET", "FFmpeg.NET\FFmpeg.NET.csproj", "{654D5D65-415D-4A08-9B42-8C885C4C265F}"
EndProject
Project("{9A19103F-16F7-4668-BE54-9A1E7A4F7556}") = "Audio.Apis", "Audio.Apis\Audio.Apis.csproj", "{A2EC9D8C-A77C-4FDC-810D-64FC76235A27}"
EndProject
Project("{9A19103F-16F7-4668-BE54-9A1E7A4F7556}") = "Audio.Pages", "Audio.Pages\Audio.Pages.csproj", "{86386493-28CE-4D65-9B4B-C3D14DFC3B14}"
EndProject
Global
	GlobalSection(SolutionConfigurationPlatforms) = preSolution
		Debug|Any CPU = Debug|Any CPU
		Release|Any CPU = Release|Any CPU
	EndGlobalSection
	GlobalSection(ProjectConfigurationPlatforms) = postSolution
		{A2C3BF8A-F6C0-4AE5-B2A1-8F64181E1D0A}.Debug|Any CPU.ActiveCfg = Debug|Any CPU
		{A2C3BF8A-F6C0-4AE5-B2A1-8F64181E1D0A}.Debug|Any CPU.Build.0 = Debug|Any CPU
		{A2C3BF8A-F6C0-4AE5-B2A1-8F64181E1D0A}.Release|Any CPU.ActiveCfg = Release|Any CPU
		{A2C3BF8A-F6C0-4AE5-B2A1-8F64181E1D0A}.Release|Any CPU.Build.0 = Release|Any CPU
		{654D5D65-415D-4A08-9B42-8C885C4C265F}.Debug|Any CPU.ActiveCfg = Debug|Any CPU
		{654D5D65-415D-4A08-9B42-8C885C4C265F}.Debug|Any CPU.Build.0 = Debug|Any CPU
		{654D5D65-415D-4A08-9B42-8C885C4C265F}.Release|Any CPU.ActiveCfg = Release|Any CPU
		{654D5D65-415D-4A08-9B42-8C885C4C265F}.Release|Any CPU.Build.0 = Release|Any CPU
		{A2EC9D8C-A77C-4FDC-810D-64FC76235A27}.Debug|Any CPU.ActiveCfg = Debug|Any CPU
		{A2EC9D8C-A77C-4FDC-810D-64FC76235A27}.Debug|Any CPU.Build.0 = Debug|Any CPU
		{A2EC9D8C-A77C-4FDC-810D-64FC76235A27}.Release|Any CPU.ActiveCfg = Release|Any CPU
		{A2EC9D8C-A77C-4FDC-810D-64FC76235A27}.Release|Any CPU.Build.0 = Release|Any CPU
		{86386493-28CE-4D65-9B4B-C3D14DFC3B14}.Debug|Any CPU.ActiveCfg = Debug|Any CPU
		{86386493-28CE-4D65-9B4B-C3D14DFC3B14}.Debug|Any CPU.Build.0 = Debug|Any CPU
		{86386493-28CE-4D65-9B4B-C3D14DFC3B14}.Release|Any CPU.ActiveCfg = Release|Any CPU
		{86386493-28CE-4D65-9B4B-C3D14DFC3B14}.Release|Any CPU.Build.0 = Release|Any CPU
	EndGlobalSection
	GlobalSection(SolutionProperties) = preSolution
		HideSolutionNode = FALSE
	EndGlobalSection
	GlobalSection(ExtensibilityGlobals) = postSolution
		SolutionGuid = {58DEBB3A-C80A-41BC-BA8B-C2BD9A8989D7}
	EndGlobalSection
EndGlobal
